PODS:
  - device_calendar (0.0.1):
    - Flutter
  - devicelocale (0.0.1):
    - Flutter
  - Flutter (1.0.0)
  - flutter_timezone (0.0.1):
    - Flutter
  - url_launcher_ios (0.0.1):
    - Flutter

DEPENDENCIES:
  - device_calendar (from `.symlinks/plugins/device_calendar/ios`)
  - devicelocale (from `.symlinks/plugins/devicelocale/ios`)
  - Flutter (from `Flutter`)
  - flutter_timezone (from `.symlinks/plugins/flutter_timezone/ios`)
  - url_launcher_ios (from `.symlinks/plugins/url_launcher_ios/ios`)

EXTERNAL SOURCES:
  device_calendar:
    :path: ".symlinks/plugins/device_calendar/ios"
  devicelocale:
    :path: ".symlinks/plugins/devicelocale/ios"
  Flutter:
    :path: Flutter
  flutter_timezone:
    :path: ".symlinks/plugins/flutter_timezone/ios"
  url_launcher_ios:
    :path: ".symlinks/plugins/url_launcher_ios/ios"

SPEC CHECKSUMS:
  device_calendar: 9cb33f88a02e19652ec7b8b122ca778f751b1f7b
  devicelocale: 35ba84dc7f45f527c3001535d8c8d104edd5d926
  Flutter: e0871f40cf51350855a761d2e70bf5af5b9b5de7
  flutter_timezone: ffb07bdad3c6276af8dada0f11978d8a1f8a20bb
  url_launcher_ios: 5334b05cef931de560670eeae103fd3e431ac3fe

PODFILE CHECKSUM: c4c93c5f6502fe2754f48404d3594bf779584011

COCOAPODS: 1.16.2
